
Microsoft Visual Studio Solution File, Format Version 12.00
# Visual Studio Version 16
VisualStudioVersion = 16.0.29613.14
MinimumVisualStudioVersion = 10.0.40219.1
Project("{9A19103F-16F7-4668-BE54-9A1E7A4F7556}") = "TMSWebMVC", "TMSWebMVC\TMSWebMVC.csproj", "{CB7C9B61-CEF1-404B-9A31-A54FCC47BFD9}"
EndProject
Project("{FAE04EC0-301F-11D3-BF4B-00C04F79EFBC}") = "NUnitTestProject1", "NUnitTestProject1\NUnitTestProject1.csproj", "{122A0B87-ACA7-4F30-A752-E6F32143442E}"
EndProject
Global
	GlobalSection(SolutionConfigurationPlatforms) = preSolution
		Debug|Any CPU = Debug|Any CPU
		Release|Any CPU = Release|Any CPU
	EndGlobalSection
	GlobalSection(ProjectConfigurationPlatforms) = postSolution
		{CB7C9B61-CEF1-404B-9A31-A54FCC47BFD9}.Debug|Any CPU.ActiveCfg = Debug|Any CPU
		{CB7C9B61-CEF1-404B-9A31-A54FCC47BFD9}.Debug|Any CPU.Build.0 = Debug|Any CPU
		{CB7C9B61-CEF1-404B-9A31-A54FCC47BFD9}.Release|Any CPU.ActiveCfg = Release|Any CPU
		{CB7C9B61-CEF1-404B-9A31-A54FCC47BFD9}.Release|Any CPU.Build.0 = Release|Any CPU
		{122A0B87-ACA7-4F30-A752-E6F32143442E}.Debug|Any CPU.ActiveCfg = Debug|Any CPU
		{122A0B87-ACA7-4F30-A752-E6F32143442E}.Debug|Any CPU.Build.0 = Debug|Any CPU
		{122A0B87-ACA7-4F30-A752-E6F32143442E}.Release|Any CPU.ActiveCfg = Release|Any CPU
		{122A0B87-ACA7-4F30-A752-E6F32143442E}.Release|Any CPU.Build.0 = Release|Any CPU
	EndGlobalSection
	GlobalSection(SolutionProperties) = preSolution
		HideSolutionNode = FALSE
	EndGlobalSection
	GlobalSection(ExtensibilityGlobals) = postSolution
		SolutionGuid = {5ADD8579-7FB7-41BD-A13A-61D7E81483C7}
	EndGlobalSection
EndGlobal
